
Microsoft Visual Studio Solution File, Format Version 12.00
# Visual Studio Version 17
VisualStudioVersion = 17.0.32112.339
MinimumVisualStudioVersion = 10.0.40219.1
Project("{FAE04EC0-301F-11D3-BF4B-00C04F79EFBC}") = "TireApp", "TireApp\TireApp.csproj", "{B638C104-84B6-4C58-AA1F-5776B9131279}"
EndProject
Project("{FAE04EC0-301F-11D3-BF4B-00C04F79EFBC}") = "DAL", "DAL\DAL.csproj", "{E359E30A-7580-4956-A26A-16FB091F9787}"
EndProject
Project("{FAE04EC0-301F-11D3-BF4B-00C04F79EFBC}") = "BLL", "BLL\BLL.csproj", "{2C665A72-B41B-40E7-99FA-7D267080ED6B}"
EndProject
Project("{FAE04EC0-301F-11D3-BF4B-00C04F79EFBC}") = "DApp", "DApp\DApp.csproj", "{9D5080BB-FB40-4DF1-A3F0-7220200B2F8E}"
EndProject
Project("{FAE04EC0-301F-11D3-BF4B-00C04F79EFBC}") = "WebApp", "WebApp\WebApp.csproj", "{8961E3A2-46AD-4797-A8AD-2BD398E3FFE1}"
EndProject
Global
	GlobalSection(SolutionConfigurationPlatforms) = preSolution
		Debug|Any CPU = Debug|Any CPU
		Release|Any CPU = Release|Any CPU
	EndGlobalSection
	GlobalSection(ProjectConfigurationPlatforms) = postSolution
		{B638C104-84B6-4C58-AA1F-5776B9131279}.Debug|Any CPU.ActiveCfg = Debug|Any CPU
		{B638C104-84B6-4C58-AA1F-5776B9131279}.Debug|Any CPU.Build.0 = Debug|Any CPU
		{B638C104-84B6-4C58-AA1F-5776B9131279}.Release|Any CPU.ActiveCfg = Release|Any CPU
		{B638C104-84B6-4C58-AA1F-5776B9131279}.Release|Any CPU.Build.0 = Release|Any CPU
		{E359E30A-7580-4956-A26A-16FB091F9787}.Debug|Any CPU.ActiveCfg = Debug|Any CPU
		{E359E30A-7580-4956-A26A-16FB091F9787}.Debug|Any CPU.Build.0 = Debug|Any CPU
		{E359E30A-7580-4956-A26A-16FB091F9787}.Release|Any CPU.ActiveCfg = Release|Any CPU
		{E359E30A-7580-4956-A26A-16FB091F9787}.Release|Any CPU.Build.0 = Release|Any CPU
		{2C665A72-B41B-40E7-99FA-7D267080ED6B}.Debug|Any CPU.ActiveCfg = Debug|Any CPU
		{2C665A72-B41B-40E7-99FA-7D267080ED6B}.Debug|Any CPU.Build.0 = Debug|Any CPU
		{2C665A72-B41B-40E7-99FA-7D267080ED6B}.Release|Any CPU.ActiveCfg = Release|Any CPU
		{2C665A72-B41B-40E7-99FA-7D267080ED6B}.Release|Any CPU.Build.0 = Release|Any CPU
		{9D5080BB-FB40-4DF1-A3F0-7220200B2F8E}.Debug|Any CPU.ActiveCfg = Debug|Any CPU
		{9D5080BB-FB40-4DF1-A3F0-7220200B2F8E}.Debug|Any CPU.Build.0 = Debug|Any CPU
		{9D5080BB-FB40-4DF1-A3F0-7220200B2F8E}.Release|Any CPU.ActiveCfg = Release|Any CPU
		{9D5080BB-FB40-4DF1-A3F0-7220200B2F8E}.Release|Any CPU.Build.0 = Release|Any CPU
		{8961E3A2-46AD-4797-A8AD-2BD398E3FFE1}.Debug|Any CPU.ActiveCfg = Debug|Any CPU
		{8961E3A2-46AD-4797-A8AD-2BD398E3FFE1}.Debug|Any CPU.Build.0 = Debug|Any CPU
		{8961E3A2-46AD-4797-A8AD-2BD398E3FFE1}.Release|Any CPU.ActiveCfg = Release|Any CPU
		{8961E3A2-46AD-4797-A8AD-2BD398E3FFE1}.Release|Any CPU.Build.0 = Release|Any CPU
	EndGlobalSection
	GlobalSection(SolutionProperties) = preSolution
		HideSolutionNode = FALSE
	EndGlobalSection
	GlobalSection(ExtensibilityGlobals) = postSolution
		SolutionGuid = {C005FBA7-EB0B-4775-AAC8-93288A9484A6}
	EndGlobalSection
EndGlobal
